// !$*UTF8*$!
{
	archiveVersion = 1;
	classes = {
	};
	objectVersion = 55;
	objects = {

/* Begin PBXBuildFile section */
		710A27AC2849085B00D48B6F /* SignupView.swift in Sources */ = {isa = PBXBuildFile; fileRef = 710A27AB2849085B00D48B6F /* SignupView.swift */; };
		710A27AE284908A100D48B6F /* SignupViewModel.swift in Sources */ = {isa = PBXBuildFile; fileRef = 710A27AD284908A100D48B6F /* SignupViewModel.swift */; };
		710A27B0284921FF00D48B6F /* LoginViewState.swift in Sources */ = {isa = PBXBuildFile; fileRef = 710A27AF284921FF00D48B6F /* LoginViewState.swift */; };
		7174CDA3283A8356007F4571 /* LoginTests.swift in Sources */ = {isa = PBXBuildFile; fileRef = 7174CDA1283A8007007F4571 /* LoginTests.swift */; };
		71FCC718284A972800A82FAE /* SignupState.swift in Sources */ = {isa = PBXBuildFile; fileRef = 71FCC717284A972800A82FAE /* SignupState.swift */; };
		71FCC71A284A985300A82FAE /* SignupStateTests.swift in Sources */ = {isa = PBXBuildFile; fileRef = 71FCC719284A985300A82FAE /* SignupStateTests.swift */; };
		71FCC71C284B9BF600A82FAE /* SignupViewModelTests.swift in Sources */ = {isa = PBXBuildFile; fileRef = 71FCC71B284B9BF600A82FAE /* SignupViewModelTests.swift */; };
		B3549F472845413E0067D98A /* SessionService.swift in Sources */ = {isa = PBXBuildFile; fileRef = B3549F462845413E0067D98A /* SessionService.swift */; };
		B3549F4A284541A20067D98A /* User.swift in Sources */ = {isa = PBXBuildFile; fileRef = B3549F49284541A20067D98A /* User.swift */; };
		B3549F4C284542090067D98A /* AppViewModel.swift in Sources */ = {isa = PBXBuildFile; fileRef = B3549F4B284542090067D98A /* AppViewModel.swift */; };
		B3549F4E2845428D0067D98A /* AppViewState.swift in Sources */ = {isa = PBXBuildFile; fileRef = B3549F4D2845428D0067D98A /* AppViewState.swift */; };
		B3549F53284544C00067D98A /* AppView.swift in Sources */ = {isa = PBXBuildFile; fileRef = B3549F52284544C00067D98A /* AppView.swift */; };
		B3553E7E2838412B00A00C0B /* swiftMVVMApp.swift in Sources */ = {isa = PBXBuildFile; fileRef = B3553E7D2838412B00A00C0B /* swiftMVVMApp.swift */; };
		B3553E802838412B00A00C0B /* ContentView.swift in Sources */ = {isa = PBXBuildFile; fileRef = B3553E7F2838412B00A00C0B /* ContentView.swift */; };
		B3553E822838412D00A00C0B /* Assets.xcassets in Resources */ = {isa = PBXBuildFile; fileRef = B3553E812838412D00A00C0B /* Assets.xcassets */; };
		B3553E852838412D00A00C0B /* Preview Assets.xcassets in Resources */ = {isa = PBXBuildFile; fileRef = B3553E842838412D00A00C0B /* Preview Assets.xcassets */; };
		B3553E8F2838412D00A00C0B /* swiftMVVMTests.swift in Sources */ = {isa = PBXBuildFile; fileRef = B3553E8E2838412D00A00C0B /* swiftMVVMTests.swift */; };
		B3553E992838412D00A00C0B /* swiftMVVMUITests.swift in Sources */ = {isa = PBXBuildFile; fileRef = B3553E982838412D00A00C0B /* swiftMVVMUITests.swift */; };
		B3553E9B2838412D00A00C0B /* swiftMVVMUITestsLaunchTests.swift in Sources */ = {isa = PBXBuildFile; fileRef = B3553E9A2838412D00A00C0B /* swiftMVVMUITestsLaunchTests.swift */; };
		B3553EAA2839144200A00C0B /* LoginView.swift in Sources */ = {isa = PBXBuildFile; fileRef = B3553EA92839144200A00C0B /* LoginView.swift */; };
		B37CA131283C0BEB00EC4B69 /* LoginServiceProtocol.swift in Sources */ = {isa = PBXBuildFile; fileRef = B37CA12F283C0BEB00EC4B69 /* LoginServiceProtocol.swift */; };
		B37CA132283C0BEB00EC4B69 /* LoginViewModel.swift in Sources */ = {isa = PBXBuildFile; fileRef = B37CA130283C0BEB00EC4B69 /* LoginViewModel.swift */; };
		B37CA134283C0C2900EC4B69 /* Binding+Extension.swift in Sources */ = {isa = PBXBuildFile; fileRef = B37CA133283C0C2900EC4B69 /* Binding+Extension.swift */; };
		B37CA136283D2CE000EC4B69 /* AppViewModelTests.swift in Sources */ = {isa = PBXBuildFile; fileRef = B37CA135283D2CE000EC4B69 /* AppViewModelTests.swift */; };
/* End PBXBuildFile section */

/* Begin PBXContainerItemProxy section */
		B3553E8B2838412D00A00C0B /* PBXContainerItemProxy */ = {
			isa = PBXContainerItemProxy;
			containerPortal = B3553E722838412B00A00C0B /* Project object */;
			proxyType = 1;
			remoteGlobalIDString = B3553E792838412B00A00C0B;
			remoteInfo = swiftMVVM;
		};
		B3553E952838412D00A00C0B /* PBXContainerItemProxy */ = {
			isa = PBXContainerItemProxy;
			containerPortal = B3553E722838412B00A00C0B /* Project object */;
			proxyType = 1;
			remoteGlobalIDString = B3553E792838412B00A00C0B;
			remoteInfo = swiftMVVM;
		};
/* End PBXContainerItemProxy section */

/* Begin PBXFileReference section */
		710A27AB2849085B00D48B6F /* SignupView.swift */ = {isa = PBXFileReference; lastKnownFileType = sourcecode.swift; path = SignupView.swift; sourceTree = "<group>"; };
		710A27AD284908A100D48B6F /* SignupViewModel.swift */ = {isa = PBXFileReference; lastKnownFileType = sourcecode.swift; path = SignupViewModel.swift; sourceTree = "<group>"; };
		710A27AF284921FF00D48B6F /* LoginViewState.swift */ = {isa = PBXFileReference; lastKnownFileType = sourcecode.swift; path = LoginViewState.swift; sourceTree = "<group>"; };
		7174CDA1283A8007007F4571 /* LoginTests.swift */ = {isa = PBXFileReference; lastKnownFileType = sourcecode.swift; path = LoginTests.swift; sourceTree = "<group>"; };
		71FCC717284A972800A82FAE /* SignupState.swift */ = {isa = PBXFileReference; lastKnownFileType = sourcecode.swift; path = SignupState.swift; sourceTree = "<group>"; };
		71FCC719284A985300A82FAE /* SignupStateTests.swift */ = {isa = PBXFileReference; lastKnownFileType = sourcecode.swift; path = SignupStateTests.swift; sourceTree = "<group>"; };
		71FCC71B284B9BF600A82FAE /* SignupViewModelTests.swift */ = {isa = PBXFileReference; lastKnownFileType = sourcecode.swift; path = SignupViewModelTests.swift; sourceTree = "<group>"; };
		B3549F462845413E0067D98A /* SessionService.swift */ = {isa = PBXFileReference; lastKnownFileType = sourcecode.swift; path = SessionService.swift; sourceTree = "<group>"; };
		B3549F49284541A20067D98A /* User.swift */ = {isa = PBXFileReference; lastKnownFileType = sourcecode.swift; path = User.swift; sourceTree = "<group>"; };
		B3549F4B284542090067D98A /* AppViewModel.swift */ = {isa = PBXFileReference; lastKnownFileType = sourcecode.swift; path = AppViewModel.swift; sourceTree = "<group>"; };
		B3549F4D2845428D0067D98A /* AppViewState.swift */ = {isa = PBXFileReference; lastKnownFileType = sourcecode.swift; path = AppViewState.swift; sourceTree = "<group>"; };
		B3549F52284544C00067D98A /* AppView.swift */ = {isa = PBXFileReference; lastKnownFileType = sourcecode.swift; path = AppView.swift; sourceTree = "<group>"; };
		B3553E7A2838412B00A00C0B /* swiftMVVM.app */ = {isa = PBXFileReference; explicitFileType = wrapper.application; includeInIndex = 0; path = swiftMVVM.app; sourceTree = BUILT_PRODUCTS_DIR; };
		B3553E7D2838412B00A00C0B /* swiftMVVMApp.swift */ = {isa = PBXFileReference; lastKnownFileType = sourcecode.swift; path = swiftMVVMApp.swift; sourceTree = "<group>"; };
		B3553E7F2838412B00A00C0B /* ContentView.swift */ = {isa = PBXFileReference; lastKnownFileType = sourcecode.swift; path = ContentView.swift; sourceTree = "<group>"; };
		B3553E812838412D00A00C0B /* Assets.xcassets */ = {isa = PBXFileReference; lastKnownFileType = folder.assetcatalog; path = Assets.xcassets; sourceTree = "<group>"; };
		B3553E842838412D00A00C0B /* Preview Assets.xcassets */ = {isa = PBXFileReference; lastKnownFileType = folder.assetcatalog; path = "Preview Assets.xcassets"; sourceTree = "<group>"; };
		B3553E8A2838412D00A00C0B /* swiftMVVMTests.xctest */ = {isa = PBXFileReference; explicitFileType = wrapper.cfbundle; includeInIndex = 0; path = swiftMVVMTests.xctest; sourceTree = BUILT_PRODUCTS_DIR; };
		B3553E8E2838412D00A00C0B /* swiftMVVMTests.swift */ = {isa = PBXFileReference; lastKnownFileType = sourcecode.swift; path = swiftMVVMTests.swift; sourceTree = "<group>"; };
		B3553E942838412D00A00C0B /* swiftMVVMUITests.xctest */ = {isa = PBXFileReference; explicitFileType = wrapper.cfbundle; includeInIndex = 0; path = swiftMVVMUITests.xctest; sourceTree = BUILT_PRODUCTS_DIR; };
		B3553E982838412D00A00C0B /* swiftMVVMUITests.swift */ = {isa = PBXFileReference; lastKnownFileType = sourcecode.swift; path = swiftMVVMUITests.swift; sourceTree = "<group>"; };
		B3553E9A2838412D00A00C0B /* swiftMVVMUITestsLaunchTests.swift */ = {isa = PBXFileReference; lastKnownFileType = sourcecode.swift; path = swiftMVVMUITestsLaunchTests.swift; sourceTree = "<group>"; };
		B3553EA92839144200A00C0B /* LoginView.swift */ = {isa = PBXFileReference; lastKnownFileType = sourcecode.swift; path = LoginView.swift; sourceTree = "<group>"; };
		B37CA12F283C0BEB00EC4B69 /* LoginServiceProtocol.swift */ = {isa = PBXFileReference; fileEncoding = 4; lastKnownFileType = sourcecode.swift; path = LoginServiceProtocol.swift; sourceTree = "<group>"; };
		B37CA130283C0BEB00EC4B69 /* LoginViewModel.swift */ = {isa = PBXFileReference; fileEncoding = 4; lastKnownFileType = sourcecode.swift; path = LoginViewModel.swift; sourceTree = "<group>"; };
		B37CA133283C0C2900EC4B69 /* Binding+Extension.swift */ = {isa = PBXFileReference; fileEncoding = 4; lastKnownFileType = sourcecode.swift; name = "Binding+Extension.swift"; path = "swiftMVVM/Extensions/Binding+Extension.swift"; sourceTree = SOURCE_ROOT; };
		B37CA135283D2CE000EC4B69 /* AppViewModelTests.swift */ = {isa = PBXFileReference; lastKnownFileType = sourcecode.swift; path = AppViewModelTests.swift; sourceTree = "<group>"; };
/* End PBXFileReference section */

/* Begin PBXFrameworksBuildPhase section */
		B3553E772838412B00A00C0B /* Frameworks */ = {
			isa = PBXFrameworksBuildPhase;
			buildActionMask = 2147483647;
			files = (
			);
			runOnlyForDeploymentPostprocessing = 0;
		};
		B3553E872838412D00A00C0B /* Frameworks */ = {
			isa = PBXFrameworksBuildPhase;
			buildActionMask = 2147483647;
			files = (
			);
			runOnlyForDeploymentPostprocessing = 0;
		};
		B3553E912838412D00A00C0B /* Frameworks */ = {
			isa = PBXFrameworksBuildPhase;
			buildActionMask = 2147483647;
			files = (
			);
			runOnlyForDeploymentPostprocessing = 0;
		};
/* End PBXFrameworksBuildPhase section */

/* Begin PBXGroup section */
		710A27AA2849083000D48B6F /* Signup */ = {
			isa = PBXGroup;
			children = (
				710A27AB2849085B00D48B6F /* SignupView.swift */,
				710A27AD284908A100D48B6F /* SignupViewModel.swift */,
				71FCC717284A972800A82FAE /* SignupState.swift */,
			);
			path = Signup;
			sourceTree = "<group>";
		};
		71FCC71D284BA5BF00A82FAE /* SignupTests */ = {
			isa = PBXGroup;
			children = (
				71FCC719284A985300A82FAE /* SignupStateTests.swift */,
				71FCC71B284B9BF600A82FAE /* SignupViewModelTests.swift */,
			);
			path = SignupTests;
			sourceTree = "<group>";
		};
		B3549F442845404C0067D98A /* AppView */ = {
			isa = PBXGroup;
			children = (
				B3549F4F284542D60067D98A /* ViewModels */,
				B3549F48284541910067D98A /* Models */,
				B3549F45284540B50067D98A /* Services */,
				B3549F4D2845428D0067D98A /* AppViewState.swift */,
				B3549F52284544C00067D98A /* AppView.swift */,
			);
			path = AppView;
			sourceTree = "<group>";
		};
		B3549F45284540B50067D98A /* Services */ = {
			isa = PBXGroup;
			children = (
				B3549F462845413E0067D98A /* SessionService.swift */,
			);
			path = Services;
			sourceTree = "<group>";
		};
		B3549F48284541910067D98A /* Models */ = {
			isa = PBXGroup;
			children = (
				B3549F49284541A20067D98A /* User.swift */,
			);
			path = Models;
			sourceTree = "<group>";
		};
		B3549F4F284542D60067D98A /* ViewModels */ = {
			isa = PBXGroup;
			children = (
				B3549F4B284542090067D98A /* AppViewModel.swift */,
			);
			path = ViewModels;
			sourceTree = "<group>";
		};
		B3553E712838412B00A00C0B = {
			isa = PBXGroup;
			children = (
				B3553E7C2838412B00A00C0B /* swiftMVVM */,
				B3553E8D2838412D00A00C0B /* swiftMVVMTests */,
				B3553E972838412D00A00C0B /* swiftMVVMUITests */,
				B3553E7B2838412B00A00C0B /* Products */,
			);
			sourceTree = "<group>";
		};
		B3553E7B2838412B00A00C0B /* Products */ = {
			isa = PBXGroup;
			children = (
				B3553E7A2838412B00A00C0B /* swiftMVVM.app */,
				B3553E8A2838412D00A00C0B /* swiftMVVMTests.xctest */,
				B3553E942838412D00A00C0B /* swiftMVVMUITests.xctest */,
			);
			name = Products;
			sourceTree = "<group>";
		};
		B3553E7C2838412B00A00C0B /* swiftMVVM */ = {
			isa = PBXGroup;
			children = (
				710A27AA2849083000D48B6F /* Signup */,
				B3549F442845404C0067D98A /* AppView */,
				B3553EA82839142300A00C0B /* Binding */,
				B3553EA7283913DD00A00C0B /* Minimal */,
				B3553E7D2838412B00A00C0B /* swiftMVVMApp.swift */,
				B3553E812838412D00A00C0B /* Assets.xcassets */,
				B3553E832838412D00A00C0B /* Preview Content */,
			);
			path = swiftMVVM;
			sourceTree = "<group>";
		};
		B3553E832838412D00A00C0B /* Preview Content */ = {
			isa = PBXGroup;
			children = (
				B3553E842838412D00A00C0B /* Preview Assets.xcassets */,
			);
			path = "Preview Content";
			sourceTree = "<group>";
		};
		B3553E8D2838412D00A00C0B /* swiftMVVMTests */ = {
			isa = PBXGroup;
			children = (
				71FCC71D284BA5BF00A82FAE /* SignupTests */,
				B3553E8E2838412D00A00C0B /* swiftMVVMTests.swift */,
				7174CDA1283A8007007F4571 /* LoginTests.swift */,
				B37CA135283D2CE000EC4B69 /* AppViewModelTests.swift */,
			);
			path = swiftMVVMTests;
			sourceTree = "<group>";
		};
		B3553E972838412D00A00C0B /* swiftMVVMUITests */ = {
			isa = PBXGroup;
			children = (
				B3553E982838412D00A00C0B /* swiftMVVMUITests.swift */,
				B3553E9A2838412D00A00C0B /* swiftMVVMUITestsLaunchTests.swift */,
			);
			path = swiftMVVMUITests;
			sourceTree = "<group>";
		};
		B3553EA7283913DD00A00C0B /* Minimal */ = {
			isa = PBXGroup;
			children = (
				B3553E7F2838412B00A00C0B /* ContentView.swift */,
			);
			path = Minimal;
			sourceTree = "<group>";
		};
		B3553EA82839142300A00C0B /* Binding */ = {
			isa = PBXGroup;
			children = (
				B37CA133283C0C2900EC4B69 /* Binding+Extension.swift */,
				B37CA12F283C0BEB00EC4B69 /* LoginServiceProtocol.swift */,
				B37CA130283C0BEB00EC4B69 /* LoginViewModel.swift */,
				B3553EA92839144200A00C0B /* LoginView.swift */,
				710A27AF284921FF00D48B6F /* LoginViewState.swift */,
			);
			path = Binding;
			sourceTree = "<group>";
		};
/* End PBXGroup section */

/* Begin PBXNativeTarget section */
		B3553E792838412B00A00C0B /* swiftMVVM */ = {
			isa = PBXNativeTarget;
			buildConfigurationList = B3553E9E2838412D00A00C0B /* Build configuration list for PBXNativeTarget "swiftMVVM" */;
			buildPhases = (
				B3553E762838412B00A00C0B /* Sources */,
				B3553E772838412B00A00C0B /* Frameworks */,
				B3553E782838412B00A00C0B /* Resources */,
			);
			buildRules = (
			);
			dependencies = (
			);
			name = swiftMVVM;
			productName = swiftMVVM;
			productReference = B3553E7A2838412B00A00C0B /* swiftMVVM.app */;
			productType = "com.apple.product-type.application";
		};
		B3553E892838412D00A00C0B /* swiftMVVMTests */ = {
			isa = PBXNativeTarget;
			buildConfigurationList = B3553EA12838412D00A00C0B /* Build configuration list for PBXNativeTarget "swiftMVVMTests" */;
			buildPhases = (
				B3553E862838412D00A00C0B /* Sources */,
				B3553E872838412D00A00C0B /* Frameworks */,
				B3553E882838412D00A00C0B /* Resources */,
			);
			buildRules = (
			);
			dependencies = (
				B3553E8C2838412D00A00C0B /* PBXTargetDependency */,
			);
			name = swiftMVVMTests;
			productName = swiftMVVMTests;
			productReference = B3553E8A2838412D00A00C0B /* swiftMVVMTests.xctest */;
			productType = "com.apple.product-type.bundle.unit-test";
		};
		B3553E932838412D00A00C0B /* swiftMVVMUITests */ = {
			isa = PBXNativeTarget;
			buildConfigurationList = B3553EA42838412D00A00C0B /* Build configuration list for PBXNativeTarget "swiftMVVMUITests" */;
			buildPhases = (
				B3553E902838412D00A00C0B /* Sources */,
				B3553E912838412D00A00C0B /* Frameworks */,
				B3553E922838412D00A00C0B /* Resources */,
			);
			buildRules = (
			);
			dependencies = (
				B3553E962838412D00A00C0B /* PBXTargetDependency */,
			);
			name = swiftMVVMUITests;
			productName = swiftMVVMUITests;
			productReference = B3553E942838412D00A00C0B /* swiftMVVMUITests.xctest */;
			productType = "com.apple.product-type.bundle.ui-testing";
		};
/* End PBXNativeTarget section */

/* Begin PBXProject section */
		B3553E722838412B00A00C0B /* Project object */ = {
			isa = PBXProject;
			attributes = {
				BuildIndependentTargetsInParallel = 1;
				LastSwiftUpdateCheck = 1320;
				LastUpgradeCheck = 1320;
				TargetAttributes = {
					B3553E792838412B00A00C0B = {
						CreatedOnToolsVersion = 13.2.1;
					};
					B3553E892838412D00A00C0B = {
						CreatedOnToolsVersion = 13.2.1;
						TestTargetID = B3553E792838412B00A00C0B;
					};
					B3553E932838412D00A00C0B = {
						CreatedOnToolsVersion = 13.2.1;
						TestTargetID = B3553E792838412B00A00C0B;
					};
				};
			};
			buildConfigurationList = B3553E752838412B00A00C0B /* Build configuration list for PBXProject "swiftMVVM" */;
			compatibilityVersion = "Xcode 13.0";
			developmentRegion = en;
			hasScannedForEncodings = 0;
			knownRegions = (
				en,
				Base,
			);
			mainGroup = B3553E712838412B00A00C0B;
			productRefGroup = B3553E7B2838412B00A00C0B /* Products */;
			projectDirPath = "";
			projectRoot = "";
			targets = (
				B3553E792838412B00A00C0B /* swiftMVVM */,
				B3553E892838412D00A00C0B /* swiftMVVMTests */,
				B3553E932838412D00A00C0B /* swiftMVVMUITests */,
			);
		};
/* End PBXProject section */

/* Begin PBXResourcesBuildPhase section */
		B3553E782838412B00A00C0B /* Resources */ = {
			isa = PBXResourcesBuildPhase;
			buildActionMask = 2147483647;
			files = (
				B3553E852838412D00A00C0B /* Preview Assets.xcassets in Resources */,
				B3553E822838412D00A00C0B /* Assets.xcassets in Resources */,
			);
			runOnlyForDeploymentPostprocessing = 0;
		};
		B3553E882838412D00A00C0B /* Resources */ = {
			isa = PBXResourcesBuildPhase;
			buildActionMask = 2147483647;
			files = (
			);
			runOnlyForDeploymentPostprocessing = 0;
		};
		B3553E922838412D00A00C0B /* Resources */ = {
			isa = PBXResourcesBuildPhase;
			buildActionMask = 2147483647;
			files = (
			);
			runOnlyForDeploymentPostprocessing = 0;
		};
/* End PBXResourcesBuildPhase section */

/* Begin PBXSourcesBuildPhase section */
		B3553E762838412B00A00C0B /* Sources */ = {
			isa = PBXSourcesBuildPhase;
			buildActionMask = 2147483647;
			files = (
				B3553E802838412B00A00C0B /* ContentView.swift in Sources */,
				B37CA134283C0C2900EC4B69 /* Binding+Extension.swift in Sources */,
				B3549F4E2845428D0067D98A /* AppViewState.swift in Sources */,
				B3549F4C284542090067D98A /* AppViewModel.swift in Sources */,
				B3549F472845413E0067D98A /* SessionService.swift in Sources */,
				710A27AC2849085B00D48B6F /* SignupView.swift in Sources */,
				71FCC718284A972800A82FAE /* SignupState.swift in Sources */,
				B37CA131283C0BEB00EC4B69 /* LoginServiceProtocol.swift in Sources */,
				710A27AE284908A100D48B6F /* SignupViewModel.swift in Sources */,
				710A27B0284921FF00D48B6F /* LoginViewState.swift in Sources */,
				B3549F4A284541A20067D98A /* User.swift in Sources */,
				B3549F53284544C00067D98A /* AppView.swift in Sources */,
				B3553E7E2838412B00A00C0B /* swiftMVVMApp.swift in Sources */,
				B37CA132283C0BEB00EC4B69 /* LoginViewModel.swift in Sources */,
				B3553EAA2839144200A00C0B /* LoginView.swift in Sources */,
			);
			runOnlyForDeploymentPostprocessing = 0;
		};
		B3553E862838412D00A00C0B /* Sources */ = {
			isa = PBXSourcesBuildPhase;
			buildActionMask = 2147483647;
			files = (
				B3553E8F2838412D00A00C0B /* swiftMVVMTests.swift in Sources */,
				71FCC71C284B9BF600A82FAE /* SignupViewModelTests.swift in Sources */,
				7174CDA3283A8356007F4571 /* LoginTests.swift in Sources */,
				B37CA136283D2CE000EC4B69 /* AppViewModelTests.swift in Sources */,
				71FCC71A284A985300A82FAE /* SignupStateTests.swift in Sources */,
			);
			runOnlyForDeploymentPostprocessing = 0;
		};
		B3553E902838412D00A00C0B /* Sources */ = {
			isa = PBXSourcesBuildPhase;
			buildActionMask = 2147483647;
			files = (
				B3553E9B2838412D00A00C0B /* swiftMVVMUITestsLaunchTests.swift in Sources */,
				B3553E992838412D00A00C0B /* swiftMVVMUITests.swift in Sources */,
			);
			runOnlyForDeploymentPostprocessing = 0;
		};
/* End PBXSourcesBuildPhase section */

/* Begin PBXTargetDependency section */
		B3553E8C2838412D00A00C0B /* PBXTargetDependency */ = {
			isa = PBXTargetDependency;
			target = B3553E792838412B00A00C0B /* swiftMVVM */;
			targetProxy = B3553E8B2838412D00A00C0B /* PBXContainerItemProxy */;
		};
		B3553E962838412D00A00C0B /* PBXTargetDependency */ = {
			isa = PBXTargetDependency;
			target = B3553E792838412B00A00C0B /* swiftMVVM */;
			targetProxy = B3553E952838412D00A00C0B /* PBXContainerItemProxy */;
		};
/* End PBXTargetDependency section */

/* Begin XCBuildConfiguration section */
		B3553E9C2838412D00A00C0B /* Debug */ = {
			isa = XCBuildConfiguration;
			buildSettings = {
				ALWAYS_SEARCH_USER_PATHS = NO;
				CLANG_ANALYZER_NONNULL = YES;
				CLANG_ANALYZER_NUMBER_OBJECT_CONVERSION = YES_AGGRESSIVE;
				CLANG_CXX_LANGUAGE_STANDARD = "gnu++17";
				CLANG_CXX_LIBRARY = "libc++";
				CLANG_ENABLE_MODULES = YES;
				CLANG_ENABLE_OBJC_ARC = YES;
				CLANG_ENABLE_OBJC_WEAK = YES;
				CLANG_WARN_BLOCK_CAPTURE_AUTORELEASING = YES;
				CLANG_WARN_BOOL_CONVERSION = YES;
				CLANG_WARN_COMMA = YES;
				CLANG_WARN_CONSTANT_CONVERSION = YES;
				CLANG_WARN_DEPRECATED_OBJC_IMPLEMENTATIONS = YES;
				CLANG_WARN_DIRECT_OBJC_ISA_USAGE = YES_ERROR;
				CLANG_WARN_DOCUMENTATION_COMMENTS = YES;
				CLANG_WARN_EMPTY_BODY = YES;
				CLANG_WARN_ENUM_CONVERSION = YES;
				CLANG_WARN_INFINITE_RECURSION = YES;
				CLANG_WARN_INT_CONVERSION = YES;
				CLANG_WARN_NON_LITERAL_NULL_CONVERSION = YES;
				CLANG_WARN_OBJC_IMPLICIT_RETAIN_SELF = YES;
				CLANG_WARN_OBJC_LITERAL_CONVERSION = YES;
				CLANG_WARN_OBJC_ROOT_CLASS = YES_ERROR;
				CLANG_WARN_QUOTED_INCLUDE_IN_FRAMEWORK_HEADER = YES;
				CLANG_WARN_RANGE_LOOP_ANALYSIS = YES;
				CLANG_WARN_STRICT_PROTOTYPES = YES;
				CLANG_WARN_SUSPICIOUS_MOVE = YES;
				CLANG_WARN_UNGUARDED_AVAILABILITY = YES_AGGRESSIVE;
				CLANG_WARN_UNREACHABLE_CODE = YES;
				CLANG_WARN__DUPLICATE_METHOD_MATCH = YES;
				COPY_PHASE_STRIP = NO;
				DEBUG_INFORMATION_FORMAT = dwarf;
				ENABLE_STRICT_OBJC_MSGSEND = YES;
				ENABLE_TESTABILITY = YES;
				GCC_C_LANGUAGE_STANDARD = gnu11;
				GCC_DYNAMIC_NO_PIC = NO;
				GCC_NO_COMMON_BLOCKS = YES;
				GCC_OPTIMIZATION_LEVEL = 0;
				GCC_PREPROCESSOR_DEFINITIONS = (
					"DEBUG=1",
					"$(inherited)",
				);
				GCC_WARN_64_TO_32_BIT_CONVERSION = YES;
				GCC_WARN_ABOUT_RETURN_TYPE = YES_ERROR;
				GCC_WARN_UNDECLARED_SELECTOR = YES;
				GCC_WARN_UNINITIALIZED_AUTOS = YES_AGGRESSIVE;
				GCC_WARN_UNUSED_FUNCTION = YES;
				GCC_WARN_UNUSED_VARIABLE = YES;
				IPHONEOS_DEPLOYMENT_TARGET = 15.2;
				MTL_ENABLE_DEBUG_INFO = INCLUDE_SOURCE;
				MTL_FAST_MATH = YES;
				ONLY_ACTIVE_ARCH = YES;
				SDKROOT = iphoneos;
				SWIFT_ACTIVE_COMPILATION_CONDITIONS = DEBUG;
				SWIFT_OPTIMIZATION_LEVEL = "-Onone";
			};
			name = Debug;
		};
		B3553E9D2838412D00A00C0B /* Release */ = {
			isa = XCBuildConfiguration;
			buildSettings = {
				ALWAYS_SEARCH_USER_PATHS = NO;
				CLANG_ANALYZER_NONNULL = YES;
				CLANG_ANALYZER_NUMBER_OBJECT_CONVERSION = YES_AGGRESSIVE;
				CLANG_CXX_LANGUAGE_STANDARD = "gnu++17";
				CLANG_CXX_LIBRARY = "libc++";
				CLANG_ENABLE_MODULES = YES;
				CLANG_ENABLE_OBJC_ARC = YES;
				CLANG_ENABLE_OBJC_WEAK = YES;
				CLANG_WARN_BLOCK_CAPTURE_AUTORELEASING = YES;
				CLANG_WARN_BOOL_CONVERSION = YES;
				CLANG_WARN_COMMA = YES;
				CLANG_WARN_CONSTANT_CONVERSION = YES;
				CLANG_WARN_DEPRECATED_OBJC_IMPLEMENTATIONS = YES;
				CLANG_WARN_DIRECT_OBJC_ISA_USAGE = YES_ERROR;
				CLANG_WARN_DOCUMENTATION_COMMENTS = YES;
				CLANG_WARN_EMPTY_BODY = YES;
				CLANG_WARN_ENUM_CONVERSION = YES;
				CLANG_WARN_INFINITE_RECURSION = YES;
				CLANG_WARN_INT_CONVERSION = YES;
				CLANG_WARN_NON_LITERAL_NULL_CONVERSION = YES;
				CLANG_WARN_OBJC_IMPLICIT_RETAIN_SELF = YES;
				CLANG_WARN_OBJC_LITERAL_CONVERSION = YES;
				CLANG_WARN_OBJC_ROOT_CLASS = YES_ERROR;
				CLANG_WARN_QUOTED_INCLUDE_IN_FRAMEWORK_HEADER = YES;
				CLANG_WARN_RANGE_LOOP_ANALYSIS = YES;
				CLANG_WARN_STRICT_PROTOTYPES = YES;
				CLANG_WARN_SUSPICIOUS_MOVE = YES;
				CLANG_WARN_UNGUARDED_AVAILABILITY = YES_AGGRESSIVE;
				CLANG_WARN_UNREACHABLE_CODE = YES;
				CLANG_WARN__DUPLICATE_METHOD_MATCH = YES;
				COPY_PHASE_STRIP = NO;
				DEBUG_INFORMATION_FORMAT = "dwarf-with-dsym";
				ENABLE_NS_ASSERTIONS = NO;
				ENABLE_STRICT_OBJC_MSGSEND = YES;
				GCC_C_LANGUAGE_STANDARD = gnu11;
				GCC_NO_COMMON_BLOCKS = YES;
				GCC_WARN_64_TO_32_BIT_CONVERSION = YES;
				GCC_WARN_ABOUT_RETURN_TYPE = YES_ERROR;
				GCC_WARN_UNDECLARED_SELECTOR = YES;
				GCC_WARN_UNINITIALIZED_AUTOS = YES_AGGRESSIVE;
				GCC_WARN_UNUSED_FUNCTION = YES;
				GCC_WARN_UNUSED_VARIABLE = YES;
				IPHONEOS_DEPLOYMENT_TARGET = 15.2;
				MTL_ENABLE_DEBUG_INFO = NO;
				MTL_FAST_MATH = YES;
				SDKROOT = iphoneos;
				SWIFT_COMPILATION_MODE = wholemodule;
				SWIFT_OPTIMIZATION_LEVEL = "-O";
				VALIDATE_PRODUCT = YES;
			};
			name = Release;
		};
		B3553E9F2838412D00A00C0B /* Debug */ = {
			isa = XCBuildConfiguration;
			buildSettings = {
				ASSETCATALOG_COMPILER_APPICON_NAME = AppIcon;
				ASSETCATALOG_COMPILER_GLOBAL_ACCENT_COLOR_NAME = AccentColor;
				CODE_SIGN_STYLE = Automatic;
				CURRENT_PROJECT_VERSION = 1;
				DEVELOPMENT_ASSET_PATHS = "\"swiftMVVM/Preview Content\"";
				DEVELOPMENT_TEAM = 6G8JULRZR4;
				ENABLE_PREVIEWS = YES;
				GENERATE_INFOPLIST_FILE = YES;
				INFOPLIST_KEY_UIApplicationSceneManifest_Generation = YES;
				INFOPLIST_KEY_UIApplicationSupportsIndirectInputEvents = YES;
				INFOPLIST_KEY_UILaunchScreen_Generation = YES;
				INFOPLIST_KEY_UISupportedInterfaceOrientations_iPad = "UIInterfaceOrientationPortrait UIInterfaceOrientationPortraitUpsideDown UIInterfaceOrientationLandscapeLeft UIInterfaceOrientationLandscapeRight";
				INFOPLIST_KEY_UISupportedInterfaceOrientations_iPhone = "UIInterfaceOrientationPortrait UIInterfaceOrientationLandscapeLeft UIInterfaceOrientationLandscapeRight";
				LD_RUNPATH_SEARCH_PATHS = (
					"$(inherited)",
					"@executable_path/Frameworks",
				);
				MARKETING_VERSION = 1.0;
				PRODUCT_BUNDLE_IDENTIFIER = com.aletlima.swiftMVVM;
				PRODUCT_NAME = "$(TARGET_NAME)";
				SWIFT_EMIT_LOC_STRINGS = YES;
				SWIFT_VERSION = 5.0;
				TARGETED_DEVICE_FAMILY = "1,2";
			};
			name = Debug;
		};
		B3553EA02838412D00A00C0B /* Release */ = {
			isa = XCBuildConfiguration;
			buildSettings = {
				ASSETCATALOG_COMPILER_APPICON_NAME = AppIcon;
				ASSETCATALOG_COMPILER_GLOBAL_ACCENT_COLOR_NAME = AccentColor;
				CODE_SIGN_STYLE = Automatic;
				CURRENT_PROJECT_VERSION = 1;
				DEVELOPMENT_ASSET_PATHS = "\"swiftMVVM/Preview Content\"";
				DEVELOPMENT_TEAM = 6G8JULRZR4;
				ENABLE_PREVIEWS = YES;
				GENERATE_INFOPLIST_FILE = YES;
				INFOPLIST_KEY_UIApplicationSceneManifest_Generation = YES;
				INFOPLIST_KEY_UIApplicationSupportsIndirectInputEvents = YES;
				INFOPLIST_KEY_UILaunchScreen_Generation = YES;
				INFOPLIST_KEY_UISupportedInterfaceOrientations_iPad = "UIInterfaceOrientationPortrait UIInterfaceOrientationPortraitUpsideDown UIInterfaceOrientationLandscapeLeft UIInterfaceOrientationLandscapeRight";
				INFOPLIST_KEY_UISupportedInterfaceOrientations_iPhone = "UIInterfaceOrientationPortrait UIInterfaceOrientationLandscapeLeft UIInterfaceOrientationLandscapeRight";
				LD_RUNPATH_SEARCH_PATHS = (
					"$(inherited)",
					"@executable_path/Frameworks",
				);
				MARKETING_VERSION = 1.0;
				PRODUCT_BUNDLE_IDENTIFIER = com.aletlima.swiftMVVM;
				PRODUCT_NAME = "$(TARGET_NAME)";
				SWIFT_EMIT_LOC_STRINGS = YES;
				SWIFT_VERSION = 5.0;
				TARGETED_DEVICE_FAMILY = "1,2";
			};
			name = Release;
		};
		B3553EA22838412D00A00C0B /* Debug */ = {
			isa = XCBuildConfiguration;
			buildSettings = {
				ALWAYS_EMBED_SWIFT_STANDARD_LIBRARIES = YES;
				BUNDLE_LOADER = "$(TEST_HOST)";
				CODE_SIGN_STYLE = Automatic;
				CURRENT_PROJECT_VERSION = 1;
				DEVELOPMENT_TEAM = 6G8JULRZR4;
				GENERATE_INFOPLIST_FILE = YES;
				IPHONEOS_DEPLOYMENT_TARGET = 15.2;
				MARKETING_VERSION = 1.0;
				PRODUCT_BUNDLE_IDENTIFIER = com.aletlima.swiftMVVMTests;
				PRODUCT_NAME = "$(TARGET_NAME)";
				SWIFT_EMIT_LOC_STRINGS = NO;
				SWIFT_VERSION = 5.0;
				TARGETED_DEVICE_FAMILY = "1,2";
				TEST_HOST = "$(BUILT_PRODUCTS_DIR)/swiftMVVM.app/swiftMVVM";
			};
			name = Debug;
		};
		B3553EA32838412D00A00C0B /* Release */ = {
			isa = XCBuildConfiguration;
			buildSettings = {
				ALWAYS_EMBED_SWIFT_STANDARD_LIBRARIES = YES;
				BUNDLE_LOADER = "$(TEST_HOST)";
				CODE_SIGN_STYLE = Automatic;
				CURRENT_PROJECT_VERSION = 1;
				DEVELOPMENT_TEAM = 6G8JULRZR4;
				GENERATE_INFOPLIST_FILE = YES;
				IPHONEOS_DEPLOYMENT_TARGET = 15.2;
				MARKETING_VERSION = 1.0;
				PRODUCT_BUNDLE_IDENTIFIER = com.aletlima.swiftMVVMTests;
				PRODUCT_NAME = "$(TARGET_NAME)";
				SWIFT_EMIT_LOC_STRINGS = NO;
				SWIFT_VERSION = 5.0;
				TARGETED_DEVICE_FAMILY = "1,2";
				TEST_HOST = "$(BUILT_PRODUCTS_DIR)/swiftMVVM.app/swiftMVVM";
			};
			name = Release;
		};
		B3553EA52838412D00A00C0B /* Debug */ = {
			isa = XCBuildConfiguration;
			buildSettings = {
				ALWAYS_EMBED_SWIFT_STANDARD_LIBRARIES = YES;
				CODE_SIGN_STYLE = Automatic;
				CURRENT_PROJECT_VERSION = 1;
				DEVELOPMENT_TEAM = 6G8JULRZR4;
				GENERATE_INFOPLIST_FILE = YES;
				MARKETING_VERSION = 1.0;
				PRODUCT_BUNDLE_IDENTIFIER = com.aletlima.swiftMVVMUITests;
				PRODUCT_NAME = "$(TARGET_NAME)";
				SWIFT_EMIT_LOC_STRINGS = NO;
				SWIFT_VERSION = 5.0;
				TARGETED_DEVICE_FAMILY = "1,2";
				TEST_TARGET_NAME = swiftMVVM;
			};
			name = Debug;
		};
		B3553EA62838412D00A00C0B /* Release */ = {
			isa = XCBuildConfiguration;
			buildSettings = {
				ALWAYS_EMBED_SWIFT_STANDARD_LIBRARIES = YES;
				CODE_SIGN_STYLE = Automatic;
				CURRENT_PROJECT_VERSION = 1;
				DEVELOPMENT_TEAM = 6G8JULRZR4;
				GENERATE_INFOPLIST_FILE = YES;
				MARKETING_VERSION = 1.0;
				PRODUCT_BUNDLE_IDENTIFIER = com.aletlima.swiftMVVMUITests;
				PRODUCT_NAME = "$(TARGET_NAME)";
				SWIFT_EMIT_LOC_STRINGS = NO;
				SWIFT_VERSION = 5.0;
				TARGETED_DEVICE_FAMILY = "1,2";
				TEST_TARGET_NAME = swiftMVVM;
			};
			name = Release;
		};
/* End XCBuildConfiguration section */

/* Begin XCConfigurationList section */
		B3553E752838412B00A00C0B /* Build configuration list for PBXProject "swiftMVVM" */ = {
			isa = XCConfigurationList;
			buildConfigurations = (
				B3553E9C2838412D00A00C0B /* Debug */,
				B3553E9D2838412D00A00C0B /* Release */,
			);
			defaultConfigurationIsVisible = 0;
			defaultConfigurationName = Release;
		};
		B3553E9E2838412D00A00C0B /* Build configuration list for PBXNativeTarget "swiftMVVM" */ = {
			isa = XCConfigurationList;
			buildConfigurations = (
				B3553E9F2838412D00A00C0B /* Debug */,
				B3553EA02838412D00A00C0B /* Release */,
			);
			defaultConfigurationIsVisible = 0;
			defaultConfigurationName = Release;
		};
		B3553EA12838412D00A00C0B /* Build configuration list for PBXNativeTarget "swiftMVVMTests" */ = {
			isa = XCConfigurationList;
			buildConfigurations = (
				B3553EA22838412D00A00C0B /* Debug */,
				B3553EA32838412D00A00C0B /* Release */,
			);
			defaultConfigurationIsVisible = 0;
			defaultConfigurationName = Release;
		};
		B3553EA42838412D00A00C0B /* Build configuration list for PBXNativeTarget "swiftMVVMUITests" */ = {
			isa = XCConfigurationList;
			buildConfigurations = (
				B3553EA52838412D00A00C0B /* Debug */,
				B3553EA62838412D00A00C0B /* Release */,
			);
			defaultConfigurationIsVisible = 0;
			defaultConfigurationName = Release;
		};
/* End XCConfigurationList section */
	};
	rootObject = B3553E722838412B00A00C0B /* Project object */;
}
